
Microsoft Visual Studio Solution File, Format Version 12.00
# Visual Studio Version 17
VisualStudioVersion = 17.1.32228.430
MinimumVisualStudioVersion = 10.0.40219.1
Project("{9A19103F-16F7-4668-BE54-9A1E7A4F7556}") = "MainProject", "testing\MainProject.csproj", "{A58E480D-3C03-400D-BAC6-DEB8872E0775}"
EndProject
Project("{9A19103F-16F7-4668-BE54-9A1E7A4F7556}") = "TestCases", "test07\TestCases.csproj", "{64162A25-7CE7-4970-8399-CFE620E31740}"
EndProject
Global
	GlobalSection(SolutionConfigurationPlatforms) = preSolution
		Debug|Any CPU = Debug|Any CPU
		Release|Any CPU = Release|Any CPU
	EndGlobalSection
	GlobalSection(ProjectConfigurationPlatforms) = postSolution
		{A58E480D-3C03-400D-BAC6-DEB8872E0775}.Debug|Any CPU.ActiveCfg = Debug|Any CPU
		{A58E480D-3C03-400D-BAC6-DEB8872E0775}.Debug|Any CPU.Build.0 = Debug|Any CPU
		{A58E480D-3C03-400D-BAC6-DEB8872E0775}.Release|Any CPU.ActiveCfg = Release|Any CPU
		{A58E480D-3C03-400D-BAC6-DEB8872E0775}.Release|Any CPU.Build.0 = Release|Any CPU
		{64162A25-7CE7-4970-8399-CFE620E31740}.Debug|Any CPU.ActiveCfg = Debug|Any CPU
		{64162A25-7CE7-4970-8399-CFE620E31740}.Debug|Any CPU.Build.0 = Debug|Any CPU
		{64162A25-7CE7-4970-8399-CFE620E31740}.Release|Any CPU.ActiveCfg = Release|Any CPU
		{64162A25-7CE7-4970-8399-CFE620E31740}.Release|Any CPU.Build.0 = Release|Any CPU
	EndGlobalSection
	GlobalSection(SolutionProperties) = preSolution
		HideSolutionNode = FALSE
	EndGlobalSection
	GlobalSection(ExtensibilityGlobals) = postSolution
		SolutionGuid = {40105C3B-C4A4-4DFA-8F6A-808C9B80F907}
	EndGlobalSection
EndGlobal
